
Microsoft Visual Studio Solution File, Format Version 12.00
# Visual Studio 15
VisualStudioVersion = 15.0.28307.572
MinimumVisualStudioVersion = 10.0.40219.1
Project("{8BC9CEB8-8B4A-11D0-8D11-00A0C91BC942}") = "LeetCode", "LeetCode\LeetCode.vcxproj", "{CE184B43-F9B1-4A23-99CE-085CBF740F33}"
EndProject
Project("{8BC9CEB8-8B4A-11D0-8D11-00A0C91BC942}") = "39. 组合总和", "39. 组合总和\39. 组合总和.vcxproj", "{F3833345-C738-48F8-A5B1-5443FE3904B6}"
EndProject
Project("{8BC9CEB8-8B4A-11D0-8D11-00A0C91BC942}") = "40. 组合总和 II", "40. 组合总和 II\40. 组合总和 II.vcxproj", "{1BBF8AF0-6B75-4150-9DB7-9E9092916B60}"
EndProject
Project("{8BC9CEB8-8B4A-11D0-8D11-00A0C91BC942}") = "42. 接雨水", "42. 接雨水\42. 接雨水.vcxproj", "{B35306CE-689D-4F55-BECA-233510DC5463}"
EndProject
Project("{8BC9CEB8-8B4A-11D0-8D11-00A0C91BC942}") = "46. Permutations", "46. Permutations\46. Permutations.vcxproj", "{C8D7AC6E-14B1-4FEC-8803-DAEDD2E94E39}"
EndProject
Project("{8BC9CEB8-8B4A-11D0-8D11-00A0C91BC942}") = "48. Rotate Image", "48. Rotate Image\48. Rotate Image.vcxproj", "{42F3DE57-D654-421A-A354-EA3A14F5A1EA}"
EndProject
Project("{8BC9CEB8-8B4A-11D0-8D11-00A0C91BC942}") = "76. Minimum Window Substring", "76. Minimum Window Substring\76. Minimum Window Substring.vcxproj", "{98EBA9B8-6B18-4E97-8BA0-209208864FDE}"
EndProject
Project("{8BC9CEB8-8B4A-11D0-8D11-00A0C91BC942}") = "79. Word Search", "79. Word Search\79. Word Search.vcxproj", "{D695E99F-05E7-4E59-AFA4-F04BEC9D0221}"
EndProject
Project("{8BC9CEB8-8B4A-11D0-8D11-00A0C91BC942}") = "84. Largest Rectangle in Histogram", "84. Largest Rectangle in Histogram\84. Largest Rectangle in Histogram.vcxproj", "{81D07683-2545-4F36-BF3C-51F08390AB3B}"
EndProject
Project("{8BC9CEB8-8B4A-11D0-8D11-00A0C91BC942}") = "85. Maximal Rectangle", "85. Maximal Rectangle\85. Maximal Rectangle.vcxproj", "{A4725C59-D205-489F-AACC-3DF464C0B9C6}"
EndProject
Project("{8BC9CEB8-8B4A-11D0-8D11-00A0C91BC942}") = "96. Unique Binary Search Trees", "96. Unique Binary Search Trees\96. Unique Binary Search Trees.vcxproj", "{422B026D-39C4-4410-8CAE-7FE075E27CC8}"
EndProject
Project("{8BC9CEB8-8B4A-11D0-8D11-00A0C91BC942}") = "146. LRU Cache", "146. LRU Cache\146. LRU Cache.vcxproj", "{F13D32E5-3585-4376-A0EA-91C7FDDA8D57}"
EndProject
Project("{8BC9CEB8-8B4A-11D0-8D11-00A0C91BC942}") = "133. Clone Graph", "133. Clone Graph\133. Clone Graph.vcxproj", "{8288BB21-9EB5-4390-A074-F70C43F415F2}"
EndProject
Project("{8BC9CEB8-8B4A-11D0-8D11-00A0C91BC942}") = "166. Fraction to Recurring Decimal", "166. Fraction to Recurring Decimal\166. Fraction to Recurring Decimal.vcxproj", "{6B9C99EE-303D-4E37-A229-11F52E0C361B}"
EndProject
Project("{8BC9CEB8-8B4A-11D0-8D11-00A0C91BC942}") = "189. Rotate Array", "189. Rotate Array\189. Rotate Array.vcxproj", "{D66F3220-1994-41F8-A64A-3AE840A13101}"
EndProject
Project("{8BC9CEB8-8B4A-11D0-8D11-00A0C91BC942}") = "191. Number of 1 Bits", "191. Number of 1 Bits\191. Number of 1 Bits.vcxproj", "{26FF0D20-B4A6-4E31-8897-AB692AF06AB0}"
EndProject
Project("{8BC9CEB8-8B4A-11D0-8D11-00A0C91BC942}") = "202. Happy Number", "202. Happy Number\202. Happy Number.vcxproj", "{0EC93388-409E-4829-BB04-1AC5DB038B36}"
EndProject
Project("{8BC9CEB8-8B4A-11D0-8D11-00A0C91BC942}") = "210. Course Schedule II", "210. Course Schedule II\210. Course Schedule II.vcxproj", "{BD2564D5-D2D9-4CB3-B68E-7F476BBB1829}"
EndProject
Project("{8BC9CEB8-8B4A-11D0-8D11-00A0C91BC942}") = "212. Word Search II", "212. Word Search II\212. Word Search II.vcxproj", "{97966109-A149-43EE-BB31-87014B370698}"
EndProject
Project("{8BC9CEB8-8B4A-11D0-8D11-00A0C91BC942}") = "227. Basic Calculator II", "227. Basic Calculator II\227. Basic Calculator II.vcxproj", "{4C8862F4-EC6D-4F76-AB96-C47F23EDFE34}"
EndProject
Project("{8BC9CEB8-8B4A-11D0-8D11-00A0C91BC942}") = "218. The Skyline Problem", "218. The Skyline Problem\218. The Skyline Problem.vcxproj", "{FBD42836-BCCB-458C-9859-0A82714292E5}"
EndProject
Project("{8BC9CEB8-8B4A-11D0-8D11-00A0C91BC942}") = "289. Game of Life", "289. Game of Life\289. Game of Life.vcxproj", "{86F2EF27-6BFA-4473-B676-463387D9765A}"
EndProject
Project("{8BC9CEB8-8B4A-11D0-8D11-00A0C91BC942}") = "329. Longest Increasing Path in a Matrix", "329. Longest Increasing Path in a Matrix\329. Longest Increasing Path in a Matrix.vcxproj", "{0C4FE3AB-4063-4726-B37F-F568A4D0BDB2}"
EndProject
Project("{8BC9CEB8-8B4A-11D0-8D11-00A0C91BC942}") = "1115. Print FooBar Alternately", "1115. Print FooBar Alternately\1115. Print FooBar Alternately.vcxproj", "{D68DA563-E3B2-4621-962F-7ADB7F32C2DB}"
EndProject
Project("{8BC9CEB8-8B4A-11D0-8D11-00A0C91BC942}") = "149. Max Points on a Line", "149. Max Points on a Line\149. Max Points on a Line.vcxproj", "{326C75AF-845E-4743-8F5E-3F2E54EB6336}"
EndProject
Project("{8BC9CEB8-8B4A-11D0-8D11-00A0C91BC942}") = "315. Count of Smaller Numbers After Self", "315. Count of Smaller Numbers After Self\315. Count of Smaller Numbers After Self.vcxproj", "{A965DB11-0365-4D76-8B7D-AE0F24056DAC}"
EndProject
Project("{8BC9CEB8-8B4A-11D0-8D11-00A0C91BC942}") = "324. Wiggle Sort II", "324. Wiggle Sort II\324. Wiggle Sort II.vcxproj", "{2C7846B9-E7D4-43E0-96E0-43DCC2157FA0}"
EndProject
Project("{8BC9CEB8-8B4A-11D0-8D11-00A0C91BC942}") = "334. Increasing Triplet Subsequence", "334. Increasing Triplet Subsequence\334. Increasing Triplet Subsequence.vcxproj", "{557DC9B6-D7E4-48AA-8E84-8C665E4481B8}"
EndProject
Project("{8BC9CEB8-8B4A-11D0-8D11-00A0C91BC942}") = "378. Kth Smallest Element in a Sorted Matrix", "378. Kth Smallest Element in a Sorted Matrix\378. Kth Smallest Element in a Sorted Matrix.vcxproj", "{5DC10222-2FCD-4B90-A937-4F5950B90093}"
EndProject
Global
	GlobalSection(SolutionConfigurationPlatforms) = preSolution
		Debug|x64 = Debug|x64
		Debug|x86 = Debug|x86
		Release|x64 = Release|x64
		Release|x86 = Release|x86
	EndGlobalSection
	GlobalSection(ProjectConfigurationPlatforms) = postSolution
		{CE184B43-F9B1-4A23-99CE-085CBF740F33}.Debug|x64.ActiveCfg = Debug|x64
		{CE184B43-F9B1-4A23-99CE-085CBF740F33}.Debug|x64.Build.0 = Debug|x64
		{CE184B43-F9B1-4A23-99CE-085CBF740F33}.Debug|x86.ActiveCfg = Debug|Win32
		{CE184B43-F9B1-4A23-99CE-085CBF740F33}.Debug|x86.Build.0 = Debug|Win32
		{CE184B43-F9B1-4A23-99CE-085CBF740F33}.Release|x64.ActiveCfg = Release|x64
		{CE184B43-F9B1-4A23-99CE-085CBF740F33}.Release|x64.Build.0 = Release|x64
		{CE184B43-F9B1-4A23-99CE-085CBF740F33}.Release|x86.ActiveCfg = Release|Win32
		{CE184B43-F9B1-4A23-99CE-085CBF740F33}.Release|x86.Build.0 = Release|Win32
		{F3833345-C738-48F8-A5B1-5443FE3904B6}.Debug|x64.ActiveCfg = Debug|x64
		{F3833345-C738-48F8-A5B1-5443FE3904B6}.Debug|x64.Build.0 = Debug|x64
		{F3833345-C738-48F8-A5B1-5443FE3904B6}.Debug|x86.ActiveCfg = Debug|Win32
		{F3833345-C738-48F8-A5B1-5443FE3904B6}.Debug|x86.Build.0 = Debug|Win32
		{F3833345-C738-48F8-A5B1-5443FE3904B6}.Release|x64.ActiveCfg = Release|x64
		{F3833345-C738-48F8-A5B1-5443FE3904B6}.Release|x64.Build.0 = Release|x64
		{F3833345-C738-48F8-A5B1-5443FE3904B6}.Release|x86.ActiveCfg = Release|Win32
		{F3833345-C738-48F8-A5B1-5443FE3904B6}.Release|x86.Build.0 = Release|Win32
		{1BBF8AF0-6B75-4150-9DB7-9E9092916B60}.Debug|x64.ActiveCfg = Debug|x64
		{1BBF8AF0-6B75-4150-9DB7-9E9092916B60}.Debug|x64.Build.0 = Debug|x64
		{1BBF8AF0-6B75-4150-9DB7-9E9092916B60}.Debug|x86.ActiveCfg = Debug|Win32
		{1BBF8AF0-6B75-4150-9DB7-9E9092916B60}.Debug|x86.Build.0 = Debug|Win32
		{1BBF8AF0-6B75-4150-9DB7-9E9092916B60}.Release|x64.ActiveCfg = Release|x64
		{1BBF8AF0-6B75-4150-9DB7-9E9092916B60}.Release|x64.Build.0 = Release|x64
		{1BBF8AF0-6B75-4150-9DB7-9E9092916B60}.Release|x86.ActiveCfg = Release|Win32
		{1BBF8AF0-6B75-4150-9DB7-9E9092916B60}.Release|x86.Build.0 = Release|Win32
		{B35306CE-689D-4F55-BECA-233510DC5463}.Debug|x64.ActiveCfg = Debug|x64
		{B35306CE-689D-4F55-BECA-233510DC5463}.Debug|x64.Build.0 = Debug|x64
		{B35306CE-689D-4F55-BECA-233510DC5463}.Debug|x86.ActiveCfg = Debug|Win32
		{B35306CE-689D-4F55-BECA-233510DC5463}.Debug|x86.Build.0 = Debug|Win32
		{B35306CE-689D-4F55-BECA-233510DC5463}.Release|x64.ActiveCfg = Release|x64
		{B35306CE-689D-4F55-BECA-233510DC5463}.Release|x64.Build.0 = Release|x64
		{B35306CE-689D-4F55-BECA-233510DC5463}.Release|x86.ActiveCfg = Release|Win32
		{B35306CE-689D-4F55-BECA-233510DC5463}.Release|x86.Build.0 = Release|Win32
		{C8D7AC6E-14B1-4FEC-8803-DAEDD2E94E39}.Debug|x64.ActiveCfg = Debug|x64
		{C8D7AC6E-14B1-4FEC-8803-DAEDD2E94E39}.Debug|x64.Build.0 = Debug|x64
		{C8D7AC6E-14B1-4FEC-8803-DAEDD2E94E39}.Debug|x86.ActiveCfg = Debug|Win32
		{C8D7AC6E-14B1-4FEC-8803-DAEDD2E94E39}.Debug|x86.Build.0 = Debug|Win32
		{C8D7AC6E-14B1-4FEC-8803-DAEDD2E94E39}.Release|x64.ActiveCfg = Release|x64
		{C8D7AC6E-14B1-4FEC-8803-DAEDD2E94E39}.Release|x64.Build.0 = Release|x64
		{C8D7AC6E-14B1-4FEC-8803-DAEDD2E94E39}.Release|x86.ActiveCfg = Release|Win32
		{C8D7AC6E-14B1-4FEC-8803-DAEDD2E94E39}.Release|x86.Build.0 = Release|Win32
		{42F3DE57-D654-421A-A354-EA3A14F5A1EA}.Debug|x64.ActiveCfg = Debug|x64
		{42F3DE57-D654-421A-A354-EA3A14F5A1EA}.Debug|x64.Build.0 = Debug|x64
		{42F3DE57-D654-421A-A354-EA3A14F5A1EA}.Debug|x86.ActiveCfg = Debug|Win32
		{42F3DE57-D654-421A-A354-EA3A14F5A1EA}.Debug|x86.Build.0 = Debug|Win32
		{42F3DE57-D654-421A-A354-EA3A14F5A1EA}.Release|x64.ActiveCfg = Release|x64
		{42F3DE57-D654-421A-A354-EA3A14F5A1EA}.Release|x64.Build.0 = Release|x64
		{42F3DE57-D654-421A-A354-EA3A14F5A1EA}.Release|x86.ActiveCfg = Release|Win32
		{42F3DE57-D654-421A-A354-EA3A14F5A1EA}.Release|x86.Build.0 = Release|Win32
		{98EBA9B8-6B18-4E97-8BA0-209208864FDE}.Debug|x64.ActiveCfg = Debug|x64
		{98EBA9B8-6B18-4E97-8BA0-209208864FDE}.Debug|x64.Build.0 = Debug|x64
		{98EBA9B8-6B18-4E97-8BA0-209208864FDE}.Debug|x86.ActiveCfg = Debug|Win32
		{98EBA9B8-6B18-4E97-8BA0-209208864FDE}.Debug|x86.Build.0 = Debug|Win32
		{98EBA9B8-6B18-4E97-8BA0-209208864FDE}.Release|x64.ActiveCfg = Release|x64
		{98EBA9B8-6B18-4E97-8BA0-209208864FDE}.Release|x64.Build.0 = Release|x64
		{98EBA9B8-6B18-4E97-8BA0-209208864FDE}.Release|x86.ActiveCfg = Release|Win32
		{98EBA9B8-6B18-4E97-8BA0-209208864FDE}.Release|x86.Build.0 = Release|Win32
		{D695E99F-05E7-4E59-AFA4-F04BEC9D0221}.Debug|x64.ActiveCfg = Debug|x64
		{D695E99F-05E7-4E59-AFA4-F04BEC9D0221}.Debug|x64.Build.0 = Debug|x64
		{D695E99F-05E7-4E59-AFA4-F04BEC9D0221}.Debug|x86.ActiveCfg = Debug|Win32
		{D695E99F-05E7-4E59-AFA4-F04BEC9D0221}.Debug|x86.Build.0 = Debug|Win32
		{D695E99F-05E7-4E59-AFA4-F04BEC9D0221}.Release|x64.ActiveCfg = Release|x64
		{D695E99F-05E7-4E59-AFA4-F04BEC9D0221}.Release|x64.Build.0 = Release|x64
		{D695E99F-05E7-4E59-AFA4-F04BEC9D0221}.Release|x86.ActiveCfg = Release|Win32
		{D695E99F-05E7-4E59-AFA4-F04BEC9D0221}.Release|x86.Build.0 = Release|Win32
		{81D07683-2545-4F36-BF3C-51F08390AB3B}.Debug|x64.ActiveCfg = Debug|x64
		{81D07683-2545-4F36-BF3C-51F08390AB3B}.Debug|x64.Build.0 = Debug|x64
		{81D07683-2545-4F36-BF3C-51F08390AB3B}.Debug|x86.ActiveCfg = Debug|Win32
		{81D07683-2545-4F36-BF3C-51F08390AB3B}.Debug|x86.Build.0 = Debug|Win32
		{81D07683-2545-4F36-BF3C-51F08390AB3B}.Release|x64.ActiveCfg = Release|x64
		{81D07683-2545-4F36-BF3C-51F08390AB3B}.Release|x64.Build.0 = Release|x64
		{81D07683-2545-4F36-BF3C-51F08390AB3B}.Release|x86.ActiveCfg = Release|Win32
		{81D07683-2545-4F36-BF3C-51F08390AB3B}.Release|x86.Build.0 = Release|Win32
		{A4725C59-D205-489F-AACC-3DF464C0B9C6}.Debug|x64.ActiveCfg = Debug|x64
		{A4725C59-D205-489F-AACC-3DF464C0B9C6}.Debug|x64.Build.0 = Debug|x64
		{A4725C59-D205-489F-AACC-3DF464C0B9C6}.Debug|x86.ActiveCfg = Debug|Win32
		{A4725C59-D205-489F-AACC-3DF464C0B9C6}.Debug|x86.Build.0 = Debug|Win32
		{A4725C59-D205-489F-AACC-3DF464C0B9C6}.Release|x64.ActiveCfg = Release|x64
		{A4725C59-D205-489F-AACC-3DF464C0B9C6}.Release|x64.Build.0 = Release|x64
		{A4725C59-D205-489F-AACC-3DF464C0B9C6}.Release|x86.ActiveCfg = Release|Win32
		{A4725C59-D205-489F-AACC-3DF464C0B9C6}.Release|x86.Build.0 = Release|Win32
		{422B026D-39C4-4410-8CAE-7FE075E27CC8}.Debug|x64.ActiveCfg = Debug|x64
		{422B026D-39C4-4410-8CAE-7FE075E27CC8}.Debug|x64.Build.0 = Debug|x64
		{422B026D-39C4-4410-8CAE-7FE075E27CC8}.Debug|x86.ActiveCfg = Debug|Win32
		{422B026D-39C4-4410-8CAE-7FE075E27CC8}.Debug|x86.Build.0 = Debug|Win32
		{422B026D-39C4-4410-8CAE-7FE075E27CC8}.Release|x64.ActiveCfg = Release|x64
		{422B026D-39C4-4410-8CAE-7FE075E27CC8}.Release|x64.Build.0 = Release|x64
		{422B026D-39C4-4410-8CAE-7FE075E27CC8}.Release|x86.ActiveCfg = Release|Win32
		{422B026D-39C4-4410-8CAE-7FE075E27CC8}.Release|x86.Build.0 = Release|Win32
		{F13D32E5-3585-4376-A0EA-91C7FDDA8D57}.Debug|x64.ActiveCfg = Debug|x64
		{F13D32E5-3585-4376-A0EA-91C7FDDA8D57}.Debug|x64.Build.0 = Debug|x64
		{F13D32E5-3585-4376-A0EA-91C7FDDA8D57}.Debug|x86.ActiveCfg = Debug|Win32
		{F13D32E5-3585-4376-A0EA-91C7FDDA8D57}.Debug|x86.Build.0 = Debug|Win32
		{F13D32E5-3585-4376-A0EA-91C7FDDA8D57}.Release|x64.ActiveCfg = Release|x64
		{F13D32E5-3585-4376-A0EA-91C7FDDA8D57}.Release|x64.Build.0 = Release|x64
		{F13D32E5-3585-4376-A0EA-91C7FDDA8D57}.Release|x86.ActiveCfg = Release|Win32
		{F13D32E5-3585-4376-A0EA-91C7FDDA8D57}.Release|x86.Build.0 = Release|Win32
		{8288BB21-9EB5-4390-A074-F70C43F415F2}.Debug|x64.ActiveCfg = Debug|x64
		{8288BB21-9EB5-4390-A074-F70C43F415F2}.Debug|x64.Build.0 = Debug|x64
		{8288BB21-9EB5-4390-A074-F70C43F415F2}.Debug|x86.ActiveCfg = Debug|Win32
		{8288BB21-9EB5-4390-A074-F70C43F415F2}.Debug|x86.Build.0 = Debug|Win32
		{8288BB21-9EB5-4390-A074-F70C43F415F2}.Release|x64.ActiveCfg = Release|x64
		{8288BB21-9EB5-4390-A074-F70C43F415F2}.Release|x64.Build.0 = Release|x64
		{8288BB21-9EB5-4390-A074-F70C43F415F2}.Release|x86.ActiveCfg = Release|Win32
		{8288BB21-9EB5-4390-A074-F70C43F415F2}.Release|x86.Build.0 = Release|Win32
		{6B9C99EE-303D-4E37-A229-11F52E0C361B}.Debug|x64.ActiveCfg = Debug|x64
		{6B9C99EE-303D-4E37-A229-11F52E0C361B}.Debug|x64.Build.0 = Debug|x64
		{6B9C99EE-303D-4E37-A229-11F52E0C361B}.Debug|x86.ActiveCfg = Debug|Win32
		{6B9C99EE-303D-4E37-A229-11F52E0C361B}.Debug|x86.Build.0 = Debug|Win32
		{6B9C99EE-303D-4E37-A229-11F52E0C361B}.Release|x64.ActiveCfg = Release|x64
		{6B9C99EE-303D-4E37-A229-11F52E0C361B}.Release|x64.Build.0 = Release|x64
		{6B9C99EE-303D-4E37-A229-11F52E0C361B}.Release|x86.ActiveCfg = Release|Win32
		{6B9C99EE-303D-4E37-A229-11F52E0C361B}.Release|x86.Build.0 = Release|Win32
		{D66F3220-1994-41F8-A64A-3AE840A13101}.Debug|x64.ActiveCfg = Debug|x64
		{D66F3220-1994-41F8-A64A-3AE840A13101}.Debug|x64.Build.0 = Debug|x64
		{D66F3220-1994-41F8-A64A-3AE840A13101}.Debug|x86.ActiveCfg = Debug|Win32
		{D66F3220-1994-41F8-A64A-3AE840A13101}.Debug|x86.Build.0 = Debug|Win32
		{D66F3220-1994-41F8-A64A-3AE840A13101}.Release|x64.ActiveCfg = Release|x64
		{D66F3220-1994-41F8-A64A-3AE840A13101}.Release|x64.Build.0 = Release|x64
		{D66F3220-1994-41F8-A64A-3AE840A13101}.Release|x86.ActiveCfg = Release|Win32
		{D66F3220-1994-41F8-A64A-3AE840A13101}.Release|x86.Build.0 = Release|Win32
		{26FF0D20-B4A6-4E31-8897-AB692AF06AB0}.Debug|x64.ActiveCfg = Debug|x64
		{26FF0D20-B4A6-4E31-8897-AB692AF06AB0}.Debug|x64.Build.0 = Debug|x64
		{26FF0D20-B4A6-4E31-8897-AB692AF06AB0}.Debug|x86.ActiveCfg = Debug|Win32
		{26FF0D20-B4A6-4E31-8897-AB692AF06AB0}.Debug|x86.Build.0 = Debug|Win32
		{26FF0D20-B4A6-4E31-8897-AB692AF06AB0}.Release|x64.ActiveCfg = Release|x64
		{26FF0D20-B4A6-4E31-8897-AB692AF06AB0}.Release|x64.Build.0 = Release|x64
		{26FF0D20-B4A6-4E31-8897-AB692AF06AB0}.Release|x86.ActiveCfg = Release|Win32
		{26FF0D20-B4A6-4E31-8897-AB692AF06AB0}.Release|x86.Build.0 = Release|Win32
		{0EC93388-409E-4829-BB04-1AC5DB038B36}.Debug|x64.ActiveCfg = Debug|x64
		{0EC93388-409E-4829-BB04-1AC5DB038B36}.Debug|x64.Build.0 = Debug|x64
		{0EC93388-409E-4829-BB04-1AC5DB038B36}.Debug|x86.ActiveCfg = Debug|Win32
		{0EC93388-409E-4829-BB04-1AC5DB038B36}.Debug|x86.Build.0 = Debug|Win32
		{0EC93388-409E-4829-BB04-1AC5DB038B36}.Release|x64.ActiveCfg = Release|x64
		{0EC93388-409E-4829-BB04-1AC5DB038B36}.Release|x64.Build.0 = Release|x64
		{0EC93388-409E-4829-BB04-1AC5DB038B36}.Release|x86.ActiveCfg = Release|Win32
		{0EC93388-409E-4829-BB04-1AC5DB038B36}.Release|x86.Build.0 = Release|Win32
		{BD2564D5-D2D9-4CB3-B68E-7F476BBB1829}.Debug|x64.ActiveCfg = Debug|x64
		{BD2564D5-D2D9-4CB3-B68E-7F476BBB1829}.Debug|x64.Build.0 = Debug|x64
		{BD2564D5-D2D9-4CB3-B68E-7F476BBB1829}.Debug|x86.ActiveCfg = Debug|Win32
		{BD2564D5-D2D9-4CB3-B68E-7F476BBB1829}.Debug|x86.Build.0 = Debug|Win32
		{BD2564D5-D2D9-4CB3-B68E-7F476BBB1829}.Release|x64.ActiveCfg = Release|x64
		{BD2564D5-D2D9-4CB3-B68E-7F476BBB1829}.Release|x64.Build.0 = Release|x64
		{BD2564D5-D2D9-4CB3-B68E-7F476BBB1829}.Release|x86.ActiveCfg = Release|Win32
		{BD2564D5-D2D9-4CB3-B68E-7F476BBB1829}.Release|x86.Build.0 = Release|Win32
		{97966109-A149-43EE-BB31-87014B370698}.Debug|x64.ActiveCfg = Debug|x64
		{97966109-A149-43EE-BB31-87014B370698}.Debug|x64.Build.0 = Debug|x64
		{97966109-A149-43EE-BB31-87014B370698}.Debug|x86.ActiveCfg = Debug|Win32
		{97966109-A149-43EE-BB31-87014B370698}.Debug|x86.Build.0 = Debug|Win32
		{97966109-A149-43EE-BB31-87014B370698}.Release|x64.ActiveCfg = Release|x64
		{97966109-A149-43EE-BB31-87014B370698}.Release|x64.Build.0 = Release|x64
		{97966109-A149-43EE-BB31-87014B370698}.Release|x86.ActiveCfg = Release|Win32
		{97966109-A149-43EE-BB31-87014B370698}.Release|x86.Build.0 = Release|Win32
		{4C8862F4-EC6D-4F76-AB96-C47F23EDFE34}.Debug|x64.ActiveCfg = Debug|x64
		{4C8862F4-EC6D-4F76-AB96-C47F23EDFE34}.Debug|x64.Build.0 = Debug|x64
		{4C8862F4-EC6D-4F76-AB96-C47F23EDFE34}.Debug|x86.ActiveCfg = Debug|Win32
		{4C8862F4-EC6D-4F76-AB96-C47F23EDFE34}.Debug|x86.Build.0 = Debug|Win32
		{4C8862F4-EC6D-4F76-AB96-C47F23EDFE34}.Release|x64.ActiveCfg = Release|x64
		{4C8862F4-EC6D-4F76-AB96-C47F23EDFE34}.Release|x64.Build.0 = Release|x64
		{4C8862F4-EC6D-4F76-AB96-C47F23EDFE34}.Release|x86.ActiveCfg = Release|Win32
		{4C8862F4-EC6D-4F76-AB96-C47F23EDFE34}.Release|x86.Build.0 = Release|Win32
		{FBD42836-BCCB-458C-9859-0A82714292E5}.Debug|x64.ActiveCfg = Debug|x64
		{FBD42836-BCCB-458C-9859-0A82714292E5}.Debug|x64.Build.0 = Debug|x64
		{FBD42836-BCCB-458C-9859-0A82714292E5}.Debug|x86.ActiveCfg = Debug|Win32
		{FBD42836-BCCB-458C-9859-0A82714292E5}.Debug|x86.Build.0 = Debug|Win32
		{FBD42836-BCCB-458C-9859-0A82714292E5}.Release|x64.ActiveCfg = Release|x64
		{FBD42836-BCCB-458C-9859-0A82714292E5}.Release|x64.Build.0 = Release|x64
		{FBD42836-BCCB-458C-9859-0A82714292E5}.Release|x86.ActiveCfg = Release|Win32
		{FBD42836-BCCB-458C-9859-0A82714292E5}.Release|x86.Build.0 = Release|Win32
		{86F2EF27-6BFA-4473-B676-463387D9765A}.Debug|x64.ActiveCfg = Debug|x64
		{86F2EF27-6BFA-4473-B676-463387D9765A}.Debug|x64.Build.0 = Debug|x64
		{86F2EF27-6BFA-4473-B676-463387D9765A}.Debug|x86.ActiveCfg = Debug|Win32
		{86F2EF27-6BFA-4473-B676-463387D9765A}.Debug|x86.Build.0 = Debug|Win32
		{86F2EF27-6BFA-4473-B676-463387D9765A}.Release|x64.ActiveCfg = Release|x64
		{86F2EF27-6BFA-4473-B676-463387D9765A}.Release|x64.Build.0 = Release|x64
		{86F2EF27-6BFA-4473-B676-463387D9765A}.Release|x86.ActiveCfg = Release|Win32
		{86F2EF27-6BFA-4473-B676-463387D9765A}.Release|x86.Build.0 = Release|Win32
		{0C4FE3AB-4063-4726-B37F-F568A4D0BDB2}.Debug|x64.ActiveCfg = Debug|x64
		{0C4FE3AB-4063-4726-B37F-F568A4D0BDB2}.Debug|x64.Build.0 = Debug|x64
		{0C4FE3AB-4063-4726-B37F-F568A4D0BDB2}.Debug|x86.ActiveCfg = Debug|Win32
		{0C4FE3AB-4063-4726-B37F-F568A4D0BDB2}.Debug|x86.Build.0 = Debug|Win32
		{0C4FE3AB-4063-4726-B37F-F568A4D0BDB2}.Release|x64.ActiveCfg = Release|x64
		{0C4FE3AB-4063-4726-B37F-F568A4D0BDB2}.Release|x64.Build.0 = Release|x64
		{0C4FE3AB-4063-4726-B37F-F568A4D0BDB2}.Release|x86.ActiveCfg = Release|Win32
		{0C4FE3AB-4063-4726-B37F-F568A4D0BDB2}.Release|x86.Build.0 = Release|Win32
		{D68DA563-E3B2-4621-962F-7ADB7F32C2DB}.Debug|x64.ActiveCfg = Debug|x64
		{D68DA563-E3B2-4621-962F-7ADB7F32C2DB}.Debug|x64.Build.0 = Debug|x64
		{D68DA563-E3B2-4621-962F-7ADB7F32C2DB}.Debug|x86.ActiveCfg = Debug|Win32
		{D68DA563-E3B2-4621-962F-7ADB7F32C2DB}.Debug|x86.Build.0 = Debug|Win32
		{D68DA563-E3B2-4621-962F-7ADB7F32C2DB}.Release|x64.ActiveCfg = Release|x64
		{D68DA563-E3B2-4621-962F-7ADB7F32C2DB}.Release|x64.Build.0 = Release|x64
		{D68DA563-E3B2-4621-962F-7ADB7F32C2DB}.Release|x86.ActiveCfg = Release|Win32
		{D68DA563-E3B2-4621-962F-7ADB7F32C2DB}.Release|x86.Build.0 = Release|Win32
		{326C75AF-845E-4743-8F5E-3F2E54EB6336}.Debug|x64.ActiveCfg = Debug|x64
		{326C75AF-845E-4743-8F5E-3F2E54EB6336}.Debug|x64.Build.0 = Debug|x64
		{326C75AF-845E-4743-8F5E-3F2E54EB6336}.Debug|x86.ActiveCfg = Debug|Win32
		{326C75AF-845E-4743-8F5E-3F2E54EB6336}.Debug|x86.Build.0 = Debug|Win32
		{326C75AF-845E-4743-8F5E-3F2E54EB6336}.Release|x64.ActiveCfg = Release|x64
		{326C75AF-845E-4743-8F5E-3F2E54EB6336}.Release|x64.Build.0 = Release|x64
		{326C75AF-845E-4743-8F5E-3F2E54EB6336}.Release|x86.ActiveCfg = Release|Win32
		{326C75AF-845E-4743-8F5E-3F2E54EB6336}.Release|x86.Build.0 = Release|Win32
		{A965DB11-0365-4D76-8B7D-AE0F24056DAC}.Debug|x64.ActiveCfg = Debug|x64
		{A965DB11-0365-4D76-8B7D-AE0F24056DAC}.Debug|x64.Build.0 = Debug|x64
		{A965DB11-0365-4D76-8B7D-AE0F24056DAC}.Debug|x86.ActiveCfg = Debug|Win32
		{A965DB11-0365-4D76-8B7D-AE0F24056DAC}.Debug|x86.Build.0 = Debug|Win32
		{A965DB11-0365-4D76-8B7D-AE0F24056DAC}.Release|x64.ActiveCfg = Release|x64
		{A965DB11-0365-4D76-8B7D-AE0F24056DAC}.Release|x64.Build.0 = Release|x64
		{A965DB11-0365-4D76-8B7D-AE0F24056DAC}.Release|x86.ActiveCfg = Release|Win32
		{A965DB11-0365-4D76-8B7D-AE0F24056DAC}.Release|x86.Build.0 = Release|Win32
		{2C7846B9-E7D4-43E0-96E0-43DCC2157FA0}.Debug|x64.ActiveCfg = Debug|x64
		{2C7846B9-E7D4-43E0-96E0-43DCC2157FA0}.Debug|x64.Build.0 = Debug|x64
		{2C7846B9-E7D4-43E0-96E0-43DCC2157FA0}.Debug|x86.ActiveCfg = Debug|Win32
		{2C7846B9-E7D4-43E0-96E0-43DCC2157FA0}.Debug|x86.Build.0 = Debug|Win32
		{2C7846B9-E7D4-43E0-96E0-43DCC2157FA0}.Release|x64.ActiveCfg = Release|x64
		{2C7846B9-E7D4-43E0-96E0-43DCC2157FA0}.Release|x64.Build.0 = Release|x64
		{2C7846B9-E7D4-43E0-96E0-43DCC2157FA0}.Release|x86.ActiveCfg = Release|Win32
		{2C7846B9-E7D4-43E0-96E0-43DCC2157FA0}.Release|x86.Build.0 = Release|Win32
		{557DC9B6-D7E4-48AA-8E84-8C665E4481B8}.Debug|x64.ActiveCfg = Debug|x64
		{557DC9B6-D7E4-48AA-8E84-8C665E4481B8}.Debug|x64.Build.0 = Debug|x64
		{557DC9B6-D7E4-48AA-8E84-8C665E4481B8}.Debug|x86.ActiveCfg = Debug|Win32
		{557DC9B6-D7E4-48AA-8E84-8C665E4481B8}.Debug|x86.Build.0 = Debug|Win32
		{557DC9B6-D7E4-48AA-8E84-8C665E4481B8}.Release|x64.ActiveCfg = Release|x64
		{557DC9B6-D7E4-48AA-8E84-8C665E4481B8}.Release|x64.Build.0 = Release|x64
		{557DC9B6-D7E4-48AA-8E84-8C665E4481B8}.Release|x86.ActiveCfg = Release|Win32
		{557DC9B6-D7E4-48AA-8E84-8C665E4481B8}.Release|x86.Build.0 = Release|Win32
		{5DC10222-2FCD-4B90-A937-4F5950B90093}.Debug|x64.ActiveCfg = Debug|x64
		{5DC10222-2FCD-4B90-A937-4F5950B90093}.Debug|x64.Build.0 = Debug|x64
		{5DC10222-2FCD-4B90-A937-4F5950B90093}.Debug|x86.ActiveCfg = Debug|Win32
		{5DC10222-2FCD-4B90-A937-4F5950B90093}.Debug|x86.Build.0 = Debug|Win32
		{5DC10222-2FCD-4B90-A937-4F5950B90093}.Release|x64.ActiveCfg = Release|x64
		{5DC10222-2FCD-4B90-A937-4F5950B90093}.Release|x64.Build.0 = Release|x64
		{5DC10222-2FCD-4B90-A937-4F5950B90093}.Release|x86.ActiveCfg = Release|Win32
		{5DC10222-2FCD-4B90-A937-4F5950B90093}.Release|x86.Build.0 = Release|Win32
	EndGlobalSection
	GlobalSection(SolutionProperties) = preSolution
		HideSolutionNode = FALSE
	EndGlobalSection
	GlobalSection(ExtensibilityGlobals) = postSolution
		SolutionGuid = {B1E1DEB8-D073-4F48-A5B9-15D6A9F1B689}
	EndGlobalSection
EndGlobal
